
Microsoft Visual Studio Solution File, Format Version 12.00
# Visual Studio 15
VisualStudioVersion = 15.0.27428.2005
MinimumVisualStudioVersion = 10.0.40219.1
Project("{FAE04EC0-301F-11D3-BF4B-00C04F79EFBC}") = "ArPhysics2", "ArPhysics2\ArPhysics2.csproj", "{653D91B7-30F9-4E11-B07D-F1EB13FBD7C5}"
EndProject
Global
	GlobalSection(SolutionConfigurationPlatforms) = preSolution
		Debug|Any CPU = Debug|Any CPU
		Debug|x64 = Debug|x64
		Release|Any CPU = Release|Any CPU
		Release|x64 = Release|x64
	EndGlobalSection
	GlobalSection(ProjectConfigurationPlatforms) = postSolution
		{653D91B7-30F9-4E11-B07D-F1EB13FBD7C5}.Debug|Any CPU.ActiveCfg = Debug|Any CPU
		{653D91B7-30F9-4E11-B07D-F1EB13FBD7C5}.Debug|Any CPU.Build.0 = Debug|Any CPU
		{653D91B7-30F9-4E11-B07D-F1EB13FBD7C5}.Debug|x64.ActiveCfg = Debug|x64
		{653D91B7-30F9-4E11-B07D-F1EB13FBD7C5}.Debug|x64.Build.0 = Debug|x64
		{653D91B7-30F9-4E11-B07D-F1EB13FBD7C5}.Release|Any CPU.ActiveCfg = Release|Any CPU
		{653D91B7-30F9-4E11-B07D-F1EB13FBD7C5}.Release|Any CPU.Build.0 = Release|Any CPU
		{653D91B7-30F9-4E11-B07D-F1EB13FBD7C5}.Release|x64.ActiveCfg = Release|x64
		{653D91B7-30F9-4E11-B07D-F1EB13FBD7C5}.Release|x64.Build.0 = Release|x64
	EndGlobalSection
	GlobalSection(SolutionProperties) = preSolution
		HideSolutionNode = FALSE
	EndGlobalSection
	GlobalSection(ExtensibilityGlobals) = postSolution
		SolutionGuid = {7538428B-8E26-4683-9224-FE7151F81F5D}
	EndGlobalSection
EndGlobal
